# This file is autogenerated, do not edit; changes may be undone by the next 'dep ensure'.


[[projects]]
  name = "github.com/go-errors/errors"
  packages = ["."]
  revision = "a6af135bd4e28680facf08a3d206b454abc877a4"
  version = "v1.0.1"

[[projects]]
  branch = "explicit-null"
  name = "github.com/graphql-go/graphql"
  packages = [".","gqlerrors","language/ast","language/kinds","language/lexer","language/location","language/parser","language/printer","language/source","language/typeInfo","language/visitor"]
  revision = "f2c8ec7f243fcdc158b78ee80a031b778d3ea206"
  source = "github.com/aklinker1/graphql"

[[projects]]
  name = "github.com/joho/godotenv"
  packages = ["."]
  revision = "23d116af351c84513e1946b527c88823e476be13"
  version = "v1.3.0"

[solve-meta]
  analyzer-name = "dep"
  analyzer-version = 1
  inputs-digest = "eb81a48ea957674eaf1ddb759567bfca423416d147031a547a6594018c4bd361"
  solver-name = "gps-cdcl"
  solver-version = 1
